// !$*UTF8*$!
{
	archiveVersion = 1;
	classes = {
	};
	objectVersion = 55;
	objects = {

/* Begin PBXBuildFile section */
		1280ABEB288A13FD00F7BB9B /* InudoptionTabView.swift in Sources */ = {isa = PBXBuildFile; fileRef = 1280ABEA288A13FD00F7BB9B /* InudoptionTabView.swift */; };
		1280ABED288A14D700F7BB9B /* SettingsView.swift in Sources */ = {isa = PBXBuildFile; fileRef = 1280ABEC288A14D700F7BB9B /* SettingsView.swift */; };
		1280ABEF288A19AA00F7BB9B /* Friend.swift in Sources */ = {isa = PBXBuildFile; fileRef = 1280ABEE288A19AA00F7BB9B /* Friend.swift */; };
		1280ABF1288A270C00F7BB9B /* MainScreenViewModel.swift in Sources */ = {isa = PBXBuildFile; fileRef = 1280ABF0288A270C00F7BB9B /* MainScreenViewModel.swift */; };
		1280ABF3288A29E400F7BB9B /* InuNetworkLayer.swift in Sources */ = {isa = PBXBuildFile; fileRef = 1280ABF2288A29E400F7BB9B /* InuNetworkLayer.swift */; };
		12F0A90C288771C200FFAE0E /* SwiftUIViewLayout.swift in Sources */ = {isa = PBXBuildFile; fileRef = 12F0A90B288771C200FFAE0E /* SwiftUIViewLayout.swift */; };
		12F0A90E288787E100FFAE0E /* MainScreen.swift in Sources */ = {isa = PBXBuildFile; fileRef = 12F0A90D288787E100FFAE0E /* MainScreen.swift */; };
		71EDA4A4288F16BA00FE60EB /* Animal.swift in Sources */ = {isa = PBXBuildFile; fileRef = 71EDA4A3288F16BA00FE60EB /* Animal.swift */; };
		71EDA4A6288F16F900FE60EB /* Verifiable.swift in Sources */ = {isa = PBXBuildFile; fileRef = 71EDA4A5288F16F900FE60EB /* Verifiable.swift */; };
		71EDA4A8288F172900FE60EB /* CircularButton.swift in Sources */ = {isa = PBXBuildFile; fileRef = 71EDA4A7288F172900FE60EB /* CircularButton.swift */; };
		71EDA4AA288F175D00FE60EB /* Card.swift in Sources */ = {isa = PBXBuildFile; fileRef = 71EDA4A9288F175D00FE60EB /* Card.swift */; };
		71EDA4AC288F179700FE60EB /* FriendDetails.swift in Sources */ = {isa = PBXBuildFile; fileRef = 71EDA4AB288F179700FE60EB /* FriendDetails.swift */; };
		71EDA4AE288F17CA00FE60EB /* InuButton.swift in Sources */ = {isa = PBXBuildFile; fileRef = 71EDA4AD288F17CA00FE60EB /* InuButton.swift */; };
		940E2D27288627000031F5C8 /* InudoptionApp.swift in Sources */ = {isa = PBXBuildFile; fileRef = 940E2D26288627000031F5C8 /* InudoptionApp.swift */; };
		940E2D29288627000031F5C8 /* FeaturesView.swift in Sources */ = {isa = PBXBuildFile; fileRef = 940E2D28288627000031F5C8 /* FeaturesView.swift */; };
		940E2D2B288627020031F5C8 /* Assets.xcassets in Resources */ = {isa = PBXBuildFile; fileRef = 940E2D2A288627020031F5C8 /* Assets.xcassets */; };
		940E2D2E288627020031F5C8 /* Preview Assets.xcassets in Resources */ = {isa = PBXBuildFile; fileRef = 940E2D2D288627020031F5C8 /* Preview Assets.xcassets */; };
		94AF20B62888DEF400B99A77 /* ColorExtensions.swift in Sources */ = {isa = PBXBuildFile; fileRef = 94AF20B52888DEF400B99A77 /* ColorExtensions.swift */; };
/* End PBXBuildFile section */

/* Begin PBXFileReference section */
		1280ABEA288A13FD00F7BB9B /* InudoptionTabView.swift */ = {isa = PBXFileReference; lastKnownFileType = sourcecode.swift; path = InudoptionTabView.swift; sourceTree = "<group>"; };
		1280ABEC288A14D700F7BB9B /* SettingsView.swift */ = {isa = PBXFileReference; lastKnownFileType = sourcecode.swift; path = SettingsView.swift; sourceTree = "<group>"; };
		1280ABEE288A19AA00F7BB9B /* Friend.swift */ = {isa = PBXFileReference; lastKnownFileType = sourcecode.swift; path = Friend.swift; sourceTree = "<group>"; };
		1280ABF0288A270C00F7BB9B /* MainScreenViewModel.swift */ = {isa = PBXFileReference; lastKnownFileType = sourcecode.swift; path = MainScreenViewModel.swift; sourceTree = "<group>"; };
		1280ABF2288A29E400F7BB9B /* InuNetworkLayer.swift */ = {isa = PBXFileReference; lastKnownFileType = sourcecode.swift; path = InuNetworkLayer.swift; sourceTree = "<group>"; };
		12F0A90B288771C200FFAE0E /* SwiftUIViewLayout.swift */ = {isa = PBXFileReference; lastKnownFileType = sourcecode.swift; path = SwiftUIViewLayout.swift; sourceTree = "<group>"; };
		12F0A90D288787E100FFAE0E /* MainScreen.swift */ = {isa = PBXFileReference; lastKnownFileType = sourcecode.swift; path = MainScreen.swift; sourceTree = "<group>"; };
		71EDA4A3288F16BA00FE60EB /* Animal.swift */ = {isa = PBXFileReference; lastKnownFileType = sourcecode.swift; path = Animal.swift; sourceTree = "<group>"; };
		71EDA4A5288F16F900FE60EB /* Verifiable.swift */ = {isa = PBXFileReference; lastKnownFileType = sourcecode.swift; path = Verifiable.swift; sourceTree = "<group>"; };
		71EDA4A7288F172900FE60EB /* CircularButton.swift */ = {isa = PBXFileReference; lastKnownFileType = sourcecode.swift; path = CircularButton.swift; sourceTree = "<group>"; };
		71EDA4A9288F175D00FE60EB /* Card.swift */ = {isa = PBXFileReference; lastKnownFileType = sourcecode.swift; path = Card.swift; sourceTree = "<group>"; };
		71EDA4AB288F179700FE60EB /* FriendDetails.swift */ = {isa = PBXFileReference; lastKnownFileType = sourcecode.swift; path = FriendDetails.swift; sourceTree = "<group>"; };
		71EDA4AD288F17CA00FE60EB /* InuButton.swift */ = {isa = PBXFileReference; lastKnownFileType = sourcecode.swift; path = InuButton.swift; sourceTree = "<group>"; };
		940E2D23288627000031F5C8 /* Inudoption.app */ = {isa = PBXFileReference; explicitFileType = wrapper.application; includeInIndex = 0; path = Inudoption.app; sourceTree = BUILT_PRODUCTS_DIR; };
		940E2D26288627000031F5C8 /* InudoptionApp.swift */ = {isa = PBXFileReference; lastKnownFileType = sourcecode.swift; path = InudoptionApp.swift; sourceTree = "<group>"; };
		940E2D28288627000031F5C8 /* FeaturesView.swift */ = {isa = PBXFileReference; lastKnownFileType = sourcecode.swift; path = FeaturesView.swift; sourceTree = "<group>"; };
		940E2D2A288627020031F5C8 /* Assets.xcassets */ = {isa = PBXFileReference; lastKnownFileType = folder.assetcatalog; path = Assets.xcassets; sourceTree = "<group>"; };
		940E2D2D288627020031F5C8 /* Preview Assets.xcassets */ = {isa = PBXFileReference; lastKnownFileType = folder.assetcatalog; path = "Preview Assets.xcassets"; sourceTree = "<group>"; };
		94AF20B52888DEF400B99A77 /* ColorExtensions.swift */ = {isa = PBXFileReference; lastKnownFileType = sourcecode.swift; path = ColorExtensions.swift; sourceTree = "<group>"; };
/* End PBXFileReference section */

/* Begin PBXFrameworksBuildPhase section */
		940E2D20288627000031F5C8 /* Frameworks */ = {
			isa = PBXFrameworksBuildPhase;
			buildActionMask = 2147483647;
			files = (
			);
			runOnlyForDeploymentPostprocessing = 0;
		};
/* End PBXFrameworksBuildPhase section */

/* Begin PBXGroup section */
		71EDA49C288F14A100FE60EB /* Extensions */ = {
			isa = PBXGroup;
			children = (
				94AF20B52888DEF400B99A77 /* ColorExtensions.swift */,
			);
			path = Extensions;
			sourceTree = "<group>";
		};
		71EDA49D288F14B200FE60EB /* Logic */ = {
			isa = PBXGroup;
			children = (
				1280ABF2288A29E400F7BB9B /* InuNetworkLayer.swift */,
				1280ABF0288A270C00F7BB9B /* MainScreenViewModel.swift */,
			);
			path = Logic;
			sourceTree = "<group>";
		};
		71EDA49E288F14CA00FE60EB /* Models */ = {
			isa = PBXGroup;
			children = (
				71EDA4A3288F16BA00FE60EB /* Animal.swift */,
				1280ABEE288A19AA00F7BB9B /* Friend.swift */,
			);
			path = Models;
			sourceTree = "<group>";
		};
		71EDA49F288F14EE00FE60EB /* Protocols */ = {
			isa = PBXGroup;
			children = (
				71EDA4A5288F16F900FE60EB /* Verifiable.swift */,
			);
			path = Protocols;
			sourceTree = "<group>";
		};
		71EDA4A0288F151200FE60EB /* Views */ = {
			isa = PBXGroup;
			children = (
				940E2D28288627000031F5C8 /* FeaturesView.swift */,
				1280ABEA288A13FD00F7BB9B /* InudoptionTabView.swift */,
				12F0A90D288787E100FFAE0E /* MainScreen.swift */,
				12F0A90B288771C200FFAE0E /* SwiftUIViewLayout.swift */,
				1280ABEC288A14D700F7BB9B /* SettingsView.swift */,
				71EDA4A1288F152C00FE60EB /* Button Style */,
				71EDA4A2288F153400FE60EB /* Elements */,
			);
			path = Views;
			sourceTree = "<group>";
		};
		71EDA4A1288F152C00FE60EB /* Button Style */ = {
			isa = PBXGroup;
			children = (
				71EDA4A7288F172900FE60EB /* CircularButton.swift */,
			);
			path = "Button Style";
			sourceTree = "<group>";
		};
		71EDA4A2288F153400FE60EB /* Elements */ = {
			isa = PBXGroup;
			children = (
				71EDA4A9288F175D00FE60EB /* Card.swift */,
				71EDA4AB288F179700FE60EB /* FriendDetails.swift */,
				71EDA4AD288F17CA00FE60EB /* InuButton.swift */,
			);
			path = Elements;
			sourceTree = "<group>";
		};
		940E2D1A288627000031F5C8 = {
			isa = PBXGroup;
			children = (
				940E2D2A288627020031F5C8 /* Assets.xcassets */,
				71EDA49C288F14A100FE60EB /* Extensions */,
				71EDA49D288F14B200FE60EB /* Logic */,
				71EDA49E288F14CA00FE60EB /* Models */,
				71EDA49F288F14EE00FE60EB /* Protocols */,
				71EDA4A0288F151200FE60EB /* Views */,
				940E2D25288627000031F5C8 /* Inudoption */,
				940E2D24288627000031F5C8 /* Products */,
			);
			sourceTree = "<group>";
		};
		940E2D24288627000031F5C8 /* Products */ = {
			isa = PBXGroup;
			children = (
				940E2D23288627000031F5C8 /* Inudoption.app */,
			);
			name = Products;
			sourceTree = "<group>";
		};
		940E2D25288627000031F5C8 /* Inudoption */ = {
			isa = PBXGroup;
			children = (
				940E2D26288627000031F5C8 /* InudoptionApp.swift */,
				940E2D2C288627020031F5C8 /* Preview Content */,
			);
			path = Inudoption;
			sourceTree = "<group>";
		};
		940E2D2C288627020031F5C8 /* Preview Content */ = {
			isa = PBXGroup;
			children = (
				940E2D2D288627020031F5C8 /* Preview Assets.xcassets */,
			);
			path = "Preview Content";
			sourceTree = "<group>";
		};
/* End PBXGroup section */

/* Begin PBXNativeTarget section */
		940E2D22288627000031F5C8 /* Inudoption */ = {
			isa = PBXNativeTarget;
			buildConfigurationList = 940E2D31288627020031F5C8 /* Build configuration list for PBXNativeTarget "Inudoption" */;
			buildPhases = (
				940E2D1F288627000031F5C8 /* Sources */,
				940E2D20288627000031F5C8 /* Frameworks */,
				940E2D21288627000031F5C8 /* Resources */,
			);
			buildRules = (
			);
			dependencies = (
			);
			name = Inudoption;
			productName = Inudoption;
			productReference = 940E2D23288627000031F5C8 /* Inudoption.app */;
			productType = "com.apple.product-type.application";
		};
/* End PBXNativeTarget section */

/* Begin PBXProject section */
		940E2D1B288627000031F5C8 /* Project object */ = {
			isa = PBXProject;
			attributes = {
				BuildIndependentTargetsInParallel = 1;
				LastSwiftUpdateCheck = 1340;
				LastUpgradeCheck = 1340;
				TargetAttributes = {
					940E2D22288627000031F5C8 = {
						CreatedOnToolsVersion = 13.4.1;
					};
				};
			};
			buildConfigurationList = 940E2D1E288627000031F5C8 /* Build configuration list for PBXProject "Inudoption" */;
			compatibilityVersion = "Xcode 13.0";
			developmentRegion = en;
			hasScannedForEncodings = 0;
			knownRegions = (
				en,
				Base,
			);
			mainGroup = 940E2D1A288627000031F5C8;
			productRefGroup = 940E2D24288627000031F5C8 /* Products */;
			projectDirPath = "";
			projectRoot = "";
			targets = (
				940E2D22288627000031F5C8 /* Inudoption */,
			);
		};
/* End PBXProject section */

/* Begin PBXResourcesBuildPhase section */
		940E2D21288627000031F5C8 /* Resources */ = {
			isa = PBXResourcesBuildPhase;
			buildActionMask = 2147483647;
			files = (
				940E2D2E288627020031F5C8 /* Preview Assets.xcassets in Resources */,
				940E2D2B288627020031F5C8 /* Assets.xcassets in Resources */,
			);
			runOnlyForDeploymentPostprocessing = 0;
		};
/* End PBXResourcesBuildPhase section */

/* Begin PBXSourcesBuildPhase section */
		940E2D1F288627000031F5C8 /* Sources */ = {
			isa = PBXSourcesBuildPhase;
			buildActionMask = 2147483647;
			files = (
				71EDA4A6288F16F900FE60EB /* Verifiable.swift in Sources */,
				71EDA4A4288F16BA00FE60EB /* Animal.swift in Sources */,
				71EDA4AE288F17CA00FE60EB /* InuButton.swift in Sources */,
				1280ABED288A14D700F7BB9B /* SettingsView.swift in Sources */,
				71EDA4A8288F172900FE60EB /* CircularButton.swift in Sources */,
				1280ABF3288A29E400F7BB9B /* InuNetworkLayer.swift in Sources */,
				12F0A90E288787E100FFAE0E /* MainScreen.swift in Sources */,
				71EDA4AC288F179700FE60EB /* FriendDetails.swift in Sources */,
				94AF20B62888DEF400B99A77 /* ColorExtensions.swift in Sources */,
				12F0A90C288771C200FFAE0E /* SwiftUIViewLayout.swift in Sources */,
				940E2D29288627000031F5C8 /* FeaturesView.swift in Sources */,
				71EDA4AA288F175D00FE60EB /* Card.swift in Sources */,
				1280ABF1288A270C00F7BB9B /* MainScreenViewModel.swift in Sources */,
				940E2D27288627000031F5C8 /* InudoptionApp.swift in Sources */,
				1280ABEB288A13FD00F7BB9B /* InudoptionTabView.swift in Sources */,
				1280ABEF288A19AA00F7BB9B /* Friend.swift in Sources */,
			);
			runOnlyForDeploymentPostprocessing = 0;
		};
/* End PBXSourcesBuildPhase section */

/* Begin XCBuildConfiguration section */
		940E2D2F288627020031F5C8 /* Debug */ = {
			isa = XCBuildConfiguration;
			buildSettings = {
				ALWAYS_SEARCH_USER_PATHS = NO;
				CLANG_ANALYZER_NONNULL = YES;
				CLANG_ANALYZER_NUMBER_OBJECT_CONVERSION = YES_AGGRESSIVE;
				CLANG_CXX_LANGUAGE_STANDARD = "gnu++17";
				CLANG_ENABLE_MODULES = YES;
				CLANG_ENABLE_OBJC_ARC = YES;
				CLANG_ENABLE_OBJC_WEAK = YES;
				CLANG_WARN_BLOCK_CAPTURE_AUTORELEASING = YES;
				CLANG_WARN_BOOL_CONVERSION = YES;
				CLANG_WARN_COMMA = YES;
				CLANG_WARN_CONSTANT_CONVERSION = YES;
				CLANG_WARN_DEPRECATED_OBJC_IMPLEMENTATIONS = YES;
				CLANG_WARN_DIRECT_OBJC_ISA_USAGE = YES_ERROR;
				CLANG_WARN_DOCUMENTATION_COMMENTS = YES;
				CLANG_WARN_EMPTY_BODY = YES;
				CLANG_WARN_ENUM_CONVERSION = YES;
				CLANG_WARN_INFINITE_RECURSION = YES;
				CLANG_WARN_INT_CONVERSION = YES;
				CLANG_WARN_NON_LITERAL_NULL_CONVERSION = YES;
				CLANG_WARN_OBJC_IMPLICIT_RETAIN_SELF = YES;
				CLANG_WARN_OBJC_LITERAL_CONVERSION = YES;
				CLANG_WARN_OBJC_ROOT_CLASS = YES_ERROR;
				CLANG_WARN_QUOTED_INCLUDE_IN_FRAMEWORK_HEADER = YES;
				CLANG_WARN_RANGE_LOOP_ANALYSIS = YES;
				CLANG_WARN_STRICT_PROTOTYPES = YES;
				CLANG_WARN_SUSPICIOUS_MOVE = YES;
				CLANG_WARN_UNGUARDED_AVAILABILITY = YES_AGGRESSIVE;
				CLANG_WARN_UNREACHABLE_CODE = YES;
				CLANG_WARN__DUPLICATE_METHOD_MATCH = YES;
				COPY_PHASE_STRIP = NO;
				DEBUG_INFORMATION_FORMAT = dwarf;
				ENABLE_STRICT_OBJC_MSGSEND = YES;
				ENABLE_TESTABILITY = YES;
				GCC_C_LANGUAGE_STANDARD = gnu11;
				GCC_DYNAMIC_NO_PIC = NO;
				GCC_NO_COMMON_BLOCKS = YES;
				GCC_OPTIMIZATION_LEVEL = 0;
				GCC_PREPROCESSOR_DEFINITIONS = (
					"DEBUG=1",
					"$(inherited)",
				);
				GCC_WARN_64_TO_32_BIT_CONVERSION = YES;
				GCC_WARN_ABOUT_RETURN_TYPE = YES_ERROR;
				GCC_WARN_UNDECLARED_SELECTOR = YES;
				GCC_WARN_UNINITIALIZED_AUTOS = YES_AGGRESSIVE;
				GCC_WARN_UNUSED_FUNCTION = YES;
				GCC_WARN_UNUSED_VARIABLE = YES;
				IPHONEOS_DEPLOYMENT_TARGET = 15.5;
				MTL_ENABLE_DEBUG_INFO = INCLUDE_SOURCE;
				MTL_FAST_MATH = YES;
				ONLY_ACTIVE_ARCH = YES;
				SDKROOT = iphoneos;
				SWIFT_ACTIVE_COMPILATION_CONDITIONS = DEBUG;
				SWIFT_OPTIMIZATION_LEVEL = "-Onone";
			};
			name = Debug;
		};
		940E2D30288627020031F5C8 /* Release */ = {
			isa = XCBuildConfiguration;
			buildSettings = {
				ALWAYS_SEARCH_USER_PATHS = NO;
				CLANG_ANALYZER_NONNULL = YES;
				CLANG_ANALYZER_NUMBER_OBJECT_CONVERSION = YES_AGGRESSIVE;
				CLANG_CXX_LANGUAGE_STANDARD = "gnu++17";
				CLANG_ENABLE_MODULES = YES;
				CLANG_ENABLE_OBJC_ARC = YES;
				CLANG_ENABLE_OBJC_WEAK = YES;
				CLANG_WARN_BLOCK_CAPTURE_AUTORELEASING = YES;
				CLANG_WARN_BOOL_CONVERSION = YES;
				CLANG_WARN_COMMA = YES;
				CLANG_WARN_CONSTANT_CONVERSION = YES;
				CLANG_WARN_DEPRECATED_OBJC_IMPLEMENTATIONS = YES;
				CLANG_WARN_DIRECT_OBJC_ISA_USAGE = YES_ERROR;
				CLANG_WARN_DOCUMENTATION_COMMENTS = YES;
				CLANG_WARN_EMPTY_BODY = YES;
				CLANG_WARN_ENUM_CONVERSION = YES;
				CLANG_WARN_INFINITE_RECURSION = YES;
				CLANG_WARN_INT_CONVERSION = YES;
				CLANG_WARN_NON_LITERAL_NULL_CONVERSION = YES;
				CLANG_WARN_OBJC_IMPLICIT_RETAIN_SELF = YES;
				CLANG_WARN_OBJC_LITERAL_CONVERSION = YES;
				CLANG_WARN_OBJC_ROOT_CLASS = YES_ERROR;
				CLANG_WARN_QUOTED_INCLUDE_IN_FRAMEWORK_HEADER = YES;
				CLANG_WARN_RANGE_LOOP_ANALYSIS = YES;
				CLANG_WARN_STRICT_PROTOTYPES = YES;
				CLANG_WARN_SUSPICIOUS_MOVE = YES;
				CLANG_WARN_UNGUARDED_AVAILABILITY = YES_AGGRESSIVE;
				CLANG_WARN_UNREACHABLE_CODE = YES;
				CLANG_WARN__DUPLICATE_METHOD_MATCH = YES;
				COPY_PHASE_STRIP = NO;
				DEBUG_INFORMATION_FORMAT = "dwarf-with-dsym";
				ENABLE_NS_ASSERTIONS = NO;
				ENABLE_STRICT_OBJC_MSGSEND = YES;
				GCC_C_LANGUAGE_STANDARD = gnu11;
				GCC_NO_COMMON_BLOCKS = YES;
				GCC_WARN_64_TO_32_BIT_CONVERSION = YES;
				GCC_WARN_ABOUT_RETURN_TYPE = YES_ERROR;
				GCC_WARN_UNDECLARED_SELECTOR = YES;
				GCC_WARN_UNINITIALIZED_AUTOS = YES_AGGRESSIVE;
				GCC_WARN_UNUSED_FUNCTION = YES;
				GCC_WARN_UNUSED_VARIABLE = YES;
				IPHONEOS_DEPLOYMENT_TARGET = 15.5;
				MTL_ENABLE_DEBUG_INFO = NO;
				MTL_FAST_MATH = YES;
				SDKROOT = iphoneos;
				SWIFT_COMPILATION_MODE = wholemodule;
				SWIFT_OPTIMIZATION_LEVEL = "-O";
				VALIDATE_PRODUCT = YES;
			};
			name = Release;
		};
		940E2D32288627020031F5C8 /* Debug */ = {
			isa = XCBuildConfiguration;
			buildSettings = {
				ASSETCATALOG_COMPILER_APPICON_NAME = AppIcon;
				ASSETCATALOG_COMPILER_GLOBAL_ACCENT_COLOR_NAME = AccentColor;
				CODE_SIGN_STYLE = Automatic;
				CURRENT_PROJECT_VERSION = 1;
				DEVELOPMENT_ASSET_PATHS = "\"Inudoption/Preview Content\"";
				DEVELOPMENT_TEAM = U9SQ38577K;
				ENABLE_PREVIEWS = YES;
				GENERATE_INFOPLIST_FILE = YES;
				INFOPLIST_KEY_UIApplicationSceneManifest_Generation = YES;
				INFOPLIST_KEY_UIApplicationSupportsIndirectInputEvents = YES;
				INFOPLIST_KEY_UILaunchScreen_Generation = YES;
				INFOPLIST_KEY_UISupportedInterfaceOrientations_iPad = "UIInterfaceOrientationPortrait UIInterfaceOrientationPortraitUpsideDown UIInterfaceOrientationLandscapeLeft UIInterfaceOrientationLandscapeRight";
				INFOPLIST_KEY_UISupportedInterfaceOrientations_iPhone = "UIInterfaceOrientationPortrait UIInterfaceOrientationLandscapeLeft UIInterfaceOrientationLandscapeRight";
				LD_RUNPATH_SEARCH_PATHS = (
					"$(inherited)",
					"@executable_path/Frameworks",
				);
				MARKETING_VERSION = 1.0;
				PRODUCT_BUNDLE_IDENTIFIER = com.itjuana.Inudoption;
				PRODUCT_NAME = "$(TARGET_NAME)";
				SWIFT_EMIT_LOC_STRINGS = YES;
				SWIFT_VERSION = 5.0;
				TARGETED_DEVICE_FAMILY = "1,2";
			};
			name = Debug;
		};
		940E2D33288627020031F5C8 /* Release */ = {
			isa = XCBuildConfiguration;
			buildSettings = {
				ASSETCATALOG_COMPILER_APPICON_NAME = AppIcon;
				ASSETCATALOG_COMPILER_GLOBAL_ACCENT_COLOR_NAME = AccentColor;
				CODE_SIGN_STYLE = Automatic;
				CURRENT_PROJECT_VERSION = 1;
				DEVELOPMENT_ASSET_PATHS = "\"Inudoption/Preview Content\"";
				DEVELOPMENT_TEAM = U9SQ38577K;
				ENABLE_PREVIEWS = YES;
				GENERATE_INFOPLIST_FILE = YES;
				INFOPLIST_KEY_UIApplicationSceneManifest_Generation = YES;
				INFOPLIST_KEY_UIApplicationSupportsIndirectInputEvents = YES;
				INFOPLIST_KEY_UILaunchScreen_Generation = YES;
				INFOPLIST_KEY_UISupportedInterfaceOrientations_iPad = "UIInterfaceOrientationPortrait UIInterfaceOrientationPortraitUpsideDown UIInterfaceOrientationLandscapeLeft UIInterfaceOrientationLandscapeRight";
				INFOPLIST_KEY_UISupportedInterfaceOrientations_iPhone = "UIInterfaceOrientationPortrait UIInterfaceOrientationLandscapeLeft UIInterfaceOrientationLandscapeRight";
				LD_RUNPATH_SEARCH_PATHS = (
					"$(inherited)",
					"@executable_path/Frameworks",
				);
				MARKETING_VERSION = 1.0;
				PRODUCT_BUNDLE_IDENTIFIER = com.itjuana.Inudoption;
				PRODUCT_NAME = "$(TARGET_NAME)";
				SWIFT_EMIT_LOC_STRINGS = YES;
				SWIFT_VERSION = 5.0;
				TARGETED_DEVICE_FAMILY = "1,2";
			};
			name = Release;
		};
/* End XCBuildConfiguration section */

/* Begin XCConfigurationList section */
		940E2D1E288627000031F5C8 /* Build configuration list for PBXProject "Inudoption" */ = {
			isa = XCConfigurationList;
			buildConfigurations = (
				940E2D2F288627020031F5C8 /* Debug */,
				940E2D30288627020031F5C8 /* Release */,
			);
			defaultConfigurationIsVisible = 0;
			defaultConfigurationName = Release;
		};
		940E2D31288627020031F5C8 /* Build configuration list for PBXNativeTarget "Inudoption" */ = {
			isa = XCConfigurationList;
			buildConfigurations = (
				940E2D32288627020031F5C8 /* Debug */,
				940E2D33288627020031F5C8 /* Release */,
			);
			defaultConfigurationIsVisible = 0;
			defaultConfigurationName = Release;
		};
/* End XCConfigurationList section */
	};
	rootObject = 940E2D1B288627000031F5C8 /* Project object */;
}
